github.com/NekruziKabirzoda/bank v0.0.0-20210928074024-295b14ea28a9 h1:UCvRjQHrl+agLfX7HLX04h70yhOTeRV6ulb3s2C0p8s=
github.com/NekruziKabirzoda/bank v0.0.0-20210928074024-295b14ea28a9/go.mod h1:RcNKaKmOpQh4vHriOXoBrqSuLj9mAhNFgKLfXpuKXCc=
github.com/NekruziKabirzoda/bank/v2 v2.0.0 h1:QcXhhqSvX3rjtoNXOdhAt+CYFERQM9L8d/gaFSWlS9Y=
github.com/NekruziKabirzoda/bank/v2 v2.0.0/go.mod h1:0QYMP+sH/yMqP76/WkBzhlYXn1kSocpY/F/qUftBIT8=
